
Microsoft Visual Studio Solution File, Format Version 12.00
# Visual Studio 15
VisualStudioVersion = 15.0.28307.1433
MinimumVisualStudioVersion = 10.0.40219.1
Project("{FAE04EC0-301F-11D3-BF4B-00C04F79EFBC}") = "PersonalWebsite", "PersonalWebsite\PersonalWebsite.csproj", "{2506BBA6-FE30-45FA-8B32-420D1DBDFBBD}"
EndProject
Global
	GlobalSection(SolutionConfigurationPlatforms) = preSolution
		Debug|Any CPU = Debug|Any CPU
		Release|Any CPU = Release|Any CPU
	EndGlobalSection
	GlobalSection(ProjectConfigurationPlatforms) = postSolution
		{2506BBA6-FE30-45FA-8B32-420D1DBDFBBD}.Debug|Any CPU.ActiveCfg = Debug|Any CPU
		{2506BBA6-FE30-45FA-8B32-420D1DBDFBBD}.Debug|Any CPU.Build.0 = Debug|Any CPU
		{2506BBA6-FE30-45FA-8B32-420D1DBDFBBD}.Release|Any CPU.ActiveCfg = Release|Any CPU
		{2506BBA6-FE30-45FA-8B32-420D1DBDFBBD}.Release|Any CPU.Build.0 = Release|Any CPU
	EndGlobalSection
	GlobalSection(SolutionProperties) = preSolution
		HideSolutionNode = FALSE
	EndGlobalSection
	GlobalSection(ExtensibilityGlobals) = postSolution
		SolutionGuid = {9738E836-87C9-47EA-BC9D-1C052CF0BA2D}
	EndGlobalSection
EndGlobal
